
Microsoft Visual Studio Solution File, Format Version 12.00
# Visual Studio Version 17
VisualStudioVersion = 17.0.31919.166
MinimumVisualStudioVersion = 10.0.40219.1
Project("{2150E333-8FDC-42A3-9474-1A3956D46DE8}") = "src", "src", "{F1B43F7A-1234-5678-9ABC-DEF012345678}"
EndProject
Project("{2150E333-8FDC-42A3-9474-1A3956D46DE8}") = "tests", "tests", "{F1B43F7A-1234-5678-9ABC-DEF012345679}"
EndProject
Project("{FAE04EC0-301F-11D3-BF4B-00C04F79EFBC}") = "SimpleApi.Domain", "src\SimpleApi.Domain\SimpleApi.Domain.csproj", "{F1B43F7A-1234-5678-9ABC-DEF012345680}"
EndProject
Project("{FAE04EC0-301F-11D3-BF4B-00C04F79EFBC}") = "SimpleApi.Application", "src\SimpleApi.Application\SimpleApi.Application.csproj", "{F1B43F7A-1234-5678-9ABC-DEF012345681}"
EndProject
Project("{FAE04EC0-301F-11D3-BF4B-00C04F79EFBC}") = "SimpleApi.Api", "src\SimpleApi.Api\SimpleApi.Api.csproj", "{F1B43F7A-1234-5678-9ABC-DEF012345682}"
EndProject
Project("{FAE04EC0-301F-11D3-BF4B-00C04F79EFBC}") = "SimpleApi.UnitTests", "tests\SimpleApi.UnitTests\SimpleApi.UnitTests.csproj", "{F1B43F7A-1234-5678-9ABC-DEF012345683}"
EndProject
Project("{FAE04EC0-301F-11D3-BF4B-00C04F79EFBC}") = "SimpleApi.IntegrationTests", "tests\SimpleApi.IntegrationTests\SimpleApi.IntegrationTests.csproj", "{F1B43F7A-1234-5678-9ABC-DEF012345684}"
EndProject
Global
	GlobalSection(SolutionConfigurationPlatforms) = preSolution
		Debug|Any CPU = Debug|Any CPU
		Release|Any CPU = Release|Any CPU
	EndGlobalSection
	GlobalSection(ProjectConfigurationPlatforms) = postSolution
		{F1B43F7A-1234-5678-9ABC-DEF012345680}.Debug|Any CPU.ActiveCfg = Debug|Any CPU
		{F1B43F7A-1234-5678-9ABC-DEF012345680}.Debug|Any CPU.Build.0 = Debug|Any CPU
		{F1B43F7A-1234-5678-9ABC-DEF012345680}.Release|Any CPU.ActiveCfg = Release|Any CPU
		{F1B43F7A-1234-5678-9ABC-DEF012345680}.Release|Any CPU.Build.0 = Release|Any CPU
		{F1B43F7A-1234-5678-9ABC-DEF012345681}.Debug|Any CPU.ActiveCfg = Debug|Any CPU
		{F1B43F7A-1234-5678-9ABC-DEF012345681}.Debug|Any CPU.Build.0 = Debug|Any CPU
		{F1B43F7A-1234-5678-9ABC-DEF012345681}.Release|Any CPU.ActiveCfg = Release|Any CPU
		{F1B43F7A-1234-5678-9ABC-DEF012345681}.Release|Any CPU.Build.0 = Release|Any CPU
		{F1B43F7A-1234-5678-9ABC-DEF012345682}.Debug|Any CPU.ActiveCfg = Debug|Any CPU
		{F1B43F7A-1234-5678-9ABC-DEF012345682}.Debug|Any CPU.Build.0 = Debug|Any CPU
		{F1B43F7A-1234-5678-9ABC-DEF012345682}.Release|Any CPU.ActiveCfg = Release|Any CPU
		{F1B43F7A-1234-5678-9ABC-DEF012345682}.Release|Any CPU.Build.0 = Release|Any CPU
		{F1B43F7A-1234-5678-9ABC-DEF012345683}.Debug|Any CPU.ActiveCfg = Debug|Any CPU
		{F1B43F7A-1234-5678-9ABC-DEF012345683}.Debug|Any CPU.Build.0 = Debug|Any CPU
		{F1B43F7A-1234-5678-9ABC-DEF012345683}.Release|Any CPU.ActiveCfg = Release|Any CPU
		{F1B43F7A-1234-5678-9ABC-DEF012345683}.Release|Any CPU.Build.0 = Release|Any CPU
		{F1B43F7A-1234-5678-9ABC-DEF012345684}.Debug|Any CPU.ActiveCfg = Debug|Any CPU
		{F1B43F7A-1234-5678-9ABC-DEF012345684}.Debug|Any CPU.Build.0 = Debug|Any CPU
		{F1B43F7A-1234-5678-9ABC-DEF012345684}.Release|Any CPU.ActiveCfg = Release|Any CPU
		{F1B43F7A-1234-5678-9ABC-DEF012345684}.Release|Any CPU.Build.0 = Release|Any CPU
	EndGlobalSection
EndGlobal
